
Microsoft Visual Studio Solution File, Format Version 12.00
# Visual Studio Version 16
VisualStudioVersion = 16.0.30611.23
MinimumVisualStudioVersion = 10.0.40219.1
Project("{FAE04EC0-301F-11D3-BF4B-00C04F79EFBC}") = "SyntheticData", "SyntheticData.csproj", "{60147D9F-945D-469E-AF6B-B1B805C646A5}"
EndProject
Global
	GlobalSection(SolutionConfigurationPlatforms) = preSolution
		Debug|Any CPU = Debug|Any CPU
		Release|Any CPU = Release|Any CPU
	EndGlobalSection
	GlobalSection(ProjectConfigurationPlatforms) = postSolution
		{60147D9F-945D-469E-AF6B-B1B805C646A5}.Debug|Any CPU.ActiveCfg = Debug|Any CPU
		{60147D9F-945D-469E-AF6B-B1B805C646A5}.Debug|Any CPU.Build.0 = Debug|Any CPU
		{60147D9F-945D-469E-AF6B-B1B805C646A5}.Release|Any CPU.ActiveCfg = Release|Any CPU
		{60147D9F-945D-469E-AF6B-B1B805C646A5}.Release|Any CPU.Build.0 = Release|Any CPU
	EndGlobalSection
	GlobalSection(SolutionProperties) = preSolution
		HideSolutionNode = FALSE
	EndGlobalSection
	GlobalSection(ExtensibilityGlobals) = postSolution
		SolutionGuid = {55CBB924-4ED7-4DF6-A3C1-B693E8866084}
	EndGlobalSection
EndGlobal
